
Microsoft Visual Studio Solution File, Format Version 12.00
# Visual Studio Version 17
VisualStudioVersion = 17.0.31903.59
MinimumVisualStudioVersion = 10.0.40219.1
Project("{FAE04EC0-301F-11D3-BF4B-00C04F79EFBC}") = "ValuesAndReferences", "ValuesAndReferences\ValuesAndReferences.csproj", "{65436D54-1E82-475D-BA52-67DFF02935A3}"
EndProject
Project("{FAE04EC0-301F-11D3-BF4B-00C04F79EFBC}") = "Tempo", "Tempo\Tempo.csproj", "{8C701A1C-3E5D-42B2-BFAB-CEFBF83A4C89}"
EndProject
Project("{FAE04EC0-301F-11D3-BF4B-00C04F79EFBC}") = "RandomTest", "RandomTest\RandomTest.csproj", "{F8D1A43B-8DB7-4037-84F6-E60DCCBADA26}"
EndProject
Project("{FAE04EC0-301F-11D3-BF4B-00C04F79EFBC}") = "RandomDice", "RandomDice\RandomDice.csproj", "{83D62F6C-57DA-445F-8911-CE960488FF96}"
EndProject
Global
	GlobalSection(SolutionConfigurationPlatforms) = preSolution
		Debug|Any CPU = Debug|Any CPU
		Release|Any CPU = Release|Any CPU
	EndGlobalSection
	GlobalSection(SolutionProperties) = preSolution
		HideSolutionNode = FALSE
	EndGlobalSection
	GlobalSection(ProjectConfigurationPlatforms) = postSolution
		{65436D54-1E82-475D-BA52-67DFF02935A3}.Debug|Any CPU.ActiveCfg = Debug|Any CPU
		{65436D54-1E82-475D-BA52-67DFF02935A3}.Debug|Any CPU.Build.0 = Debug|Any CPU
		{65436D54-1E82-475D-BA52-67DFF02935A3}.Release|Any CPU.ActiveCfg = Release|Any CPU
		{65436D54-1E82-475D-BA52-67DFF02935A3}.Release|Any CPU.Build.0 = Release|Any CPU
		{8C701A1C-3E5D-42B2-BFAB-CEFBF83A4C89}.Debug|Any CPU.ActiveCfg = Debug|Any CPU
		{8C701A1C-3E5D-42B2-BFAB-CEFBF83A4C89}.Debug|Any CPU.Build.0 = Debug|Any CPU
		{8C701A1C-3E5D-42B2-BFAB-CEFBF83A4C89}.Release|Any CPU.ActiveCfg = Release|Any CPU
		{8C701A1C-3E5D-42B2-BFAB-CEFBF83A4C89}.Release|Any CPU.Build.0 = Release|Any CPU
		{F8D1A43B-8DB7-4037-84F6-E60DCCBADA26}.Debug|Any CPU.ActiveCfg = Debug|Any CPU
		{F8D1A43B-8DB7-4037-84F6-E60DCCBADA26}.Debug|Any CPU.Build.0 = Debug|Any CPU
		{F8D1A43B-8DB7-4037-84F6-E60DCCBADA26}.Release|Any CPU.ActiveCfg = Release|Any CPU
		{F8D1A43B-8DB7-4037-84F6-E60DCCBADA26}.Release|Any CPU.Build.0 = Release|Any CPU
		{83D62F6C-57DA-445F-8911-CE960488FF96}.Debug|Any CPU.ActiveCfg = Debug|Any CPU
		{83D62F6C-57DA-445F-8911-CE960488FF96}.Debug|Any CPU.Build.0 = Debug|Any CPU
		{83D62F6C-57DA-445F-8911-CE960488FF96}.Release|Any CPU.ActiveCfg = Release|Any CPU
		{83D62F6C-57DA-445F-8911-CE960488FF96}.Release|Any CPU.Build.0 = Release|Any CPU
	EndGlobalSection
EndGlobal
